
Microsoft Visual Studio Solution File, Format Version 12.00
# Visual Studio Version 17
VisualStudioVersion = 17.10.34928.147
MinimumVisualStudioVersion = 10.0.40219.1
Project("{FAE04EC0-301F-11D3-BF4B-00C04F79EFBC}") = "GraphQLPoC", "GraphQLPoC\GraphQLPoC.csproj", "{5A92652B-20E3-45F6-9D8C-E98A299ADF08}"
EndProject
Global
	GlobalSection(SolutionConfigurationPlatforms) = preSolution
		Debug|Any CPU = Debug|Any CPU
		Release|Any CPU = Release|Any CPU
	EndGlobalSection
	GlobalSection(ProjectConfigurationPlatforms) = postSolution
		{5A92652B-20E3-45F6-9D8C-E98A299ADF08}.Debug|Any CPU.ActiveCfg = Debug|Any CPU
		{5A92652B-20E3-45F6-9D8C-E98A299ADF08}.Debug|Any CPU.Build.0 = Debug|Any CPU
		{5A92652B-20E3-45F6-9D8C-E98A299ADF08}.Release|Any CPU.ActiveCfg = Release|Any CPU
		{5A92652B-20E3-45F6-9D8C-E98A299ADF08}.Release|Any CPU.Build.0 = Release|Any CPU
	EndGlobalSection
	GlobalSection(SolutionProperties) = preSolution
		HideSolutionNode = FALSE
	EndGlobalSection
	GlobalSection(ExtensibilityGlobals) = postSolution
		SolutionGuid = {46851A2B-1C72-4357-B51A-3078D65B4A35}
	EndGlobalSection
EndGlobal
